
Microsoft Visual Studio Solution File, Format Version 12.00
# Visual Studio Version 16
VisualStudioVersion = 16.0.31005.135
MinimumVisualStudioVersion = 10.0.40219.1
Project("{FAE04EC0-301F-11D3-BF4B-00C04F79EFBC}") = "ERP_SERWIS", "ERP_SERWIS.csproj", "{8C241A65-0493-4456-BB63-D57E432D4C65}"
EndProject
Global
	GlobalSection(SolutionConfigurationPlatforms) = preSolution
		Debug|Any CPU = Debug|Any CPU
		Release|Any CPU = Release|Any CPU
	EndGlobalSection
	GlobalSection(ProjectConfigurationPlatforms) = postSolution
		{8C241A65-0493-4456-BB63-D57E432D4C65}.Debug|Any CPU.ActiveCfg = Debug|Any CPU
		{8C241A65-0493-4456-BB63-D57E432D4C65}.Debug|Any CPU.Build.0 = Debug|Any CPU
		{8C241A65-0493-4456-BB63-D57E432D4C65}.Release|Any CPU.ActiveCfg = Release|Any CPU
		{8C241A65-0493-4456-BB63-D57E432D4C65}.Release|Any CPU.Build.0 = Release|Any CPU
	EndGlobalSection
	GlobalSection(SolutionProperties) = preSolution
		HideSolutionNode = FALSE
	EndGlobalSection
	GlobalSection(ExtensibilityGlobals) = postSolution
		SolutionGuid = {8C2B1AE5-F3D4-44F8-92D4-4A1EA5B7D9AE}
	EndGlobalSection
EndGlobal
